// !$*UTF8*$!
{
	archiveVersion = 1;
	classes = {
	};
	objectVersion = 46;
	objects = {

/* Begin PBXBuildFile section */
		4327C5461A875C0B001429B9 /* TNCTTestViewController.m in Sources */ = {isa = PBXBuildFile; fileRef = 4327C5431A875C0B001429B9 /* TNCTTestViewController.m */; };
		4327C5471A875C0B001429B9 /* TNCTTestViewController.m in Sources */ = {isa = PBXBuildFile; fileRef = 4327C5431A875C0B001429B9 /* TNCTTestViewController.m */; };
		4327C5481A875C0B001429B9 /* TNCTView.m in Sources */ = {isa = PBXBuildFile; fileRef = 4327C5451A875C0B001429B9 /* TNCTView.m */; };
		4327C5491A875C0B001429B9 /* TNCTView.m in Sources */ = {isa = PBXBuildFile; fileRef = 4327C5451A875C0B001429B9 /* TNCTView.m */; };
		4327C54E1A875C20001429B9 /* TNTestCase.m in Sources */ = {isa = PBXBuildFile; fileRef = 4327C54B1A875C20001429B9 /* TNTestCase.m */; };
		4327C54F1A875C20001429B9 /* TNTestCase.m in Sources */ = {isa = PBXBuildFile; fileRef = 4327C54B1A875C20001429B9 /* TNTestCase.m */; };
		4327C5501A875C20001429B9 /* TNTestViewController.m in Sources */ = {isa = PBXBuildFile; fileRef = 4327C54D1A875C20001429B9 /* TNTestViewController.m */; };
		4327C5511A875C20001429B9 /* TNTestViewController.m in Sources */ = {isa = PBXBuildFile; fileRef = 4327C54D1A875C20001429B9 /* TNTestViewController.m */; };
		432C7A36195AD079003AFC04 /* TestCaseWindowController.m in Sources */ = {isa = PBXBuildFile; fileRef = 432C7A34195AD079003AFC04 /* TestCaseWindowController.m */; };
		432C7A37195AD079003AFC04 /* TestCaseWindowController.xib in Resources */ = {isa = PBXBuildFile; fileRef = 432C7A35195AD079003AFC04 /* TestCaseWindowController.xib */; };
		432C7A3B195AD287003AFC04 /* DrawRectView.m in Sources */ = {isa = PBXBuildFile; fileRef = 432C7A3A195AD287003AFC04 /* DrawRectView.m */; };
		432C7A3D195AD460003AFC04 /* TNCoreText.framework in Frameworks */ = {isa = PBXBuildFile; fileRef = 432C7A3C195AD460003AFC04 /* TNCoreText.framework */; };
		4390B89F1A860E960082B0F1 /* UIKit.framework in Frameworks */ = {isa = PBXBuildFile; fileRef = 4390B89E1A860E960082B0F1 /* UIKit.framework */; };
		4390B8A41A860E960082B0F1 /* main.m in Sources */ = {isa = PBXBuildFile; fileRef = 4390B8A31A860E960082B0F1 /* main.m */; };
		4390B8A91A860E960082B0F1 /* TNAndroidLauncher.h in Resources */ = {isa = PBXBuildFile; fileRef = 4390B8A81A860E960082B0F1 /* TNAndroidLauncher.h */; };
		4390B8AB1A860E960082B0F1 /* TNAndroidLauncher.m in Sources */ = {isa = PBXBuildFile; fileRef = 4390B8AA1A860E960082B0F1 /* TNAndroidLauncher.m */; };
		4390B8B61A860F1D0082B0F1 /* ViewController.m in Sources */ = {isa = PBXBuildFile; fileRef = 43B163DC1862CD93006B6CE1 /* ViewController.m */; };
		4390B8B71A860F290082B0F1 /* CoreTextView.m in Sources */ = {isa = PBXBuildFile; fileRef = 43B164531862CFAB006B6CE1 /* CoreTextView.m */; };
		4390B8B91A860F4F0082B0F1 /* CoreText.framework in Frameworks */ = {isa = PBXBuildFile; fileRef = 4390B8B81A860F4F0082B0F1 /* CoreText.framework */; };
		4390B8BB1A860F5C0082B0F1 /* CoreGraphics.framework in Frameworks */ = {isa = PBXBuildFile; fileRef = 4390B8BA1A860F5C0082B0F1 /* CoreGraphics.framework */; };
		4390B8C11A8615B60082B0F1 /* Icon.png in Resources */ = {isa = PBXBuildFile; fileRef = 4390B8BF1A8615B60082B0F1 /* Icon.png */; };
		4390B8C21A8615B60082B0F1 /* Icon@2x.png in Resources */ = {isa = PBXBuildFile; fileRef = 4390B8C01A8615B60082B0F1 /* Icon@2x.png */; };
		4390B8C61A86160F0082B0F1 /* Icon@2x.png in Resources */ = {isa = PBXBuildFile; fileRef = 4390B8C01A8615B60082B0F1 /* Icon@2x.png */; };
		4390B8C71A8616110082B0F1 /* Icon.png in Resources */ = {isa = PBXBuildFile; fileRef = 4390B8BF1A8615B60082B0F1 /* Icon.png */; };
		4390B8C81A86196C0082B0F1 /* AppDelegate.m in Sources */ = {isa = PBXBuildFile; fileRef = 43B163D61862CD93006B6CE1 /* AppDelegate.m */; };
		439C87051862E41B0089F3DA /* InfoPlist.strings in Resources */ = {isa = PBXBuildFile; fileRef = 439C87031862E41B0089F3DA /* InfoPlist.strings */; };
		439C87071862E41B0089F3DA /* main.m in Sources */ = {isa = PBXBuildFile; fileRef = 439C87061862E41B0089F3DA /* main.m */; };
		439C870B1862E41B0089F3DA /* Credits.rtf in Resources */ = {isa = PBXBuildFile; fileRef = 439C87091862E41B0089F3DA /* Credits.rtf */; };
		439C870E1862E41B0089F3DA /* AppDelegate.m in Sources */ = {isa = PBXBuildFile; fileRef = 439C870D1862E41B0089F3DA /* AppDelegate.m */; };
		439C87111862E41C0089F3DA /* MainMenu.xib in Resources */ = {isa = PBXBuildFile; fileRef = 439C870F1862E41C0089F3DA /* MainMenu.xib */; };
		439C87131862E41C0089F3DA /* Images.xcassets in Resources */ = {isa = PBXBuildFile; fileRef = 439C87121862E41C0089F3DA /* Images.xcassets */; };
		439C87301862E49B0089F3DA /* CoreTextView.m in Sources */ = {isa = PBXBuildFile; fileRef = 439C872F1862E49B0089F3DA /* CoreTextView.m */; };
		43B163C71862CD93006B6CE1 /* Foundation.framework in Frameworks */ = {isa = PBXBuildFile; fileRef = 43B163C61862CD93006B6CE1 /* Foundation.framework */; };
		43B163C91862CD93006B6CE1 /* CoreGraphics.framework in Frameworks */ = {isa = PBXBuildFile; fileRef = 43B163C81862CD93006B6CE1 /* CoreGraphics.framework */; };
		43B163D11862CD93006B6CE1 /* InfoPlist.strings in Resources */ = {isa = PBXBuildFile; fileRef = 43B163CF1862CD93006B6CE1 /* InfoPlist.strings */; };
		43B163D31862CD93006B6CE1 /* main.m in Sources */ = {isa = PBXBuildFile; fileRef = 43B163D21862CD93006B6CE1 /* main.m */; };
		43B163D71862CD93006B6CE1 /* AppDelegate.m in Sources */ = {isa = PBXBuildFile; fileRef = 43B163D61862CD93006B6CE1 /* AppDelegate.m */; };
		43B163DD1862CD93006B6CE1 /* ViewController.m in Sources */ = {isa = PBXBuildFile; fileRef = 43B163DC1862CD93006B6CE1 /* ViewController.m */; };
		43B163DF1862CD93006B6CE1 /* Images.xcassets in Resources */ = {isa = PBXBuildFile; fileRef = 43B163DE1862CD93006B6CE1 /* Images.xcassets */; };
		43B164541862CFAB006B6CE1 /* CoreTextView.m in Sources */ = {isa = PBXBuildFile; fileRef = 43B164531862CFAB006B6CE1 /* CoreTextView.m */; };
		43EDF1B0195ACB9E00B3DD0D /* TestController.m in Sources */ = {isa = PBXBuildFile; fileRef = 43EDF1AF195ACB9E00B3DD0D /* TestController.m */; };
/* End PBXBuildFile section */

/* Begin PBXFileReference section */
		4327C5421A875C0B001429B9 /* TNCTTestViewController.h */ = {isa = PBXFileReference; fileEncoding = 4; lastKnownFileType = sourcecode.c.h; path = TNCTTestViewController.h; sourceTree = "<group>"; };
		4327C5431A875C0B001429B9 /* TNCTTestViewController.m */ = {isa = PBXFileReference; fileEncoding = 4; lastKnownFileType = sourcecode.c.objc; path = TNCTTestViewController.m; sourceTree = "<group>"; };
		4327C5441A875C0B001429B9 /* TNCTView.h */ = {isa = PBXFileReference; fileEncoding = 4; lastKnownFileType = sourcecode.c.h; path = TNCTView.h; sourceTree = "<group>"; };
		4327C5451A875C0B001429B9 /* TNCTView.m */ = {isa = PBXFileReference; fileEncoding = 4; lastKnownFileType = sourcecode.c.objc; path = TNCTView.m; sourceTree = "<group>"; };
		4327C54A1A875C20001429B9 /* TNTestCase.h */ = {isa = PBXFileReference; fileEncoding = 4; lastKnownFileType = sourcecode.c.h; path = TNTestCase.h; sourceTree = "<group>"; };
		4327C54B1A875C20001429B9 /* TNTestCase.m */ = {isa = PBXFileReference; fileEncoding = 4; lastKnownFileType = sourcecode.c.objc; path = TNTestCase.m; sourceTree = "<group>"; };
		4327C54C1A875C20001429B9 /* TNTestViewController.h */ = {isa = PBXFileReference; fileEncoding = 4; lastKnownFileType = sourcecode.c.h; path = TNTestViewController.h; sourceTree = "<group>"; };
		4327C54D1A875C20001429B9 /* TNTestViewController.m */ = {isa = PBXFileReference; fileEncoding = 4; lastKnownFileType = sourcecode.c.objc; path = TNTestViewController.m; sourceTree = "<group>"; };
		432C7A33195AD079003AFC04 /* TestCaseWindowController.h */ = {isa = PBXFileReference; fileEncoding = 4; lastKnownFileType = sourcecode.c.h; path = TestCaseWindowController.h; sourceTree = "<group>"; };
		432C7A34195AD079003AFC04 /* TestCaseWindowController.m */ = {isa = PBXFileReference; fileEncoding = 4; lastKnownFileType = sourcecode.c.objc; path = TestCaseWindowController.m; sourceTree = "<group>"; };
		432C7A35195AD079003AFC04 /* TestCaseWindowController.xib */ = {isa = PBXFileReference; fileEncoding = 4; lastKnownFileType = file.xib; path = TestCaseWindowController.xib; sourceTree = "<group>"; };
		432C7A39195AD287003AFC04 /* DrawRectView.h */ = {isa = PBXFileReference; fileEncoding = 4; lastKnownFileType = sourcecode.c.h; path = DrawRectView.h; sourceTree = "<group>"; };
		432C7A3A195AD287003AFC04 /* DrawRectView.m */ = {isa = PBXFileReference; fileEncoding = 4; lastKnownFileType = sourcecode.c.objc; path = DrawRectView.m; sourceTree = "<group>"; };
		432C7A3C195AD460003AFC04 /* TNCoreText.framework */ = {isa = PBXFileReference; lastKnownFileType = wrapper.framework; name = TNCoreText.framework; path = "../../../Library/Developer/Xcode/DerivedData/CoreTextDemo-Mac-eaexamrcjosloaebweigtxmptaoi/Build/Products/Debug/TNCoreText.framework"; sourceTree = "<group>"; };
		4390B89D1A860E960082B0F1 /* CoreTextDemo.app */ = {isa = PBXFileReference; explicitFileType = wrapper.application; includeInIndex = 0; path = CoreTextDemo.app; sourceTree = BUILT_PRODUCTS_DIR; };
		4390B89E1A860E960082B0F1 /* UIKit.framework */ = {isa = PBXFileReference; lastKnownFileType = wrapper.framework; name = UIKit.framework; path = Library/Frameworks/UIKit.framework; sourceTree = DEVELOPER_DIR; };
		4390B8A21A860E960082B0F1 /* Info.plist */ = {isa = PBXFileReference; lastKnownFileType = text.plist.xml; path = Info.plist; sourceTree = "<group>"; };
		4390B8A31A860E960082B0F1 /* main.m */ = {isa = PBXFileReference; lastKnownFileType = sourcecode.c.objc; path = main.m; sourceTree = "<group>"; };
		4390B8A81A860E960082B0F1 /* TNAndroidLauncher.h */ = {isa = PBXFileReference; lastKnownFileType = sourcecode.c.h; path = TNAndroidLauncher.h; sourceTree = "<group>"; };
		4390B8AA1A860E960082B0F1 /* TNAndroidLauncher.m */ = {isa = PBXFileReference; lastKnownFileType = sourcecode.c.objc; path = TNAndroidLauncher.m; sourceTree = "<group>"; };
		4390B8AC1A860E960082B0F1 /* Android.xcconfig */ = {isa = PBXFileReference; lastKnownFileType = text.xcconfig; path = Android.xcconfig; sourceTree = "<group>"; };
		4390B8AD1A860E960082B0F1 /* Android.mk */ = {isa = PBXFileReference; lastKnownFileType = text; path = Android.mk; sourceTree = "<group>"; };
		4390B8AE1A860E960082B0F1 /* MainActivity.java */ = {isa = PBXFileReference; lastKnownFileType = sourcecode.java; path = MainActivity.java; sourceTree = "<group>"; };
		4390B8AF1A860E960082B0F1 /* AndroidManifest.xml */ = {isa = PBXFileReference; lastKnownFileType = text.xml; path = AndroidManifest.xml; sourceTree = "<group>"; };
		4390B8B81A860F4F0082B0F1 /* CoreText.framework */ = {isa = PBXFileReference; lastKnownFileType = wrapper.framework; name = CoreText.framework; path = Platforms/MacOSX.platform/Developer/SDKs/Android18.sdk/System/Library/Frameworks/CoreText.framework; sourceTree = DEVELOPER_DIR; };
		4390B8BA1A860F5C0082B0F1 /* CoreGraphics.framework */ = {isa = PBXFileReference; lastKnownFileType = wrapper.framework; name = CoreGraphics.framework; path = Platforms/MacOSX.platform/Developer/SDKs/Android18.sdk/System/Library/Frameworks/CoreGraphics.framework; sourceTree = DEVELOPER_DIR; };
		4390B8BF1A8615B60082B0F1 /* Icon.png */ = {isa = PBXFileReference; lastKnownFileType = image.png; path = Icon.png; sourceTree = "<group>"; };
		4390B8C01A8615B60082B0F1 /* Icon@2x.png */ = {isa = PBXFileReference; lastKnownFileType = image.png; path = "Icon@2x.png"; sourceTree = "<group>"; };
		4390B8C31A8615CB0082B0F1 /* CoreText_Icon.png */ = {isa = PBXFileReference; lastKnownFileType = image.png; path = CoreText_Icon.png; sourceTree = "<group>"; };
		439C86F91862E41B0089F3DA /* CoreTextDemo-OSX.app */ = {isa = PBXFileReference; explicitFileType = wrapper.application; includeInIndex = 0; path = "CoreTextDemo-OSX.app"; sourceTree = BUILT_PRODUCTS_DIR; };
		439C87021862E41B0089F3DA /* CoreTextDemo-OSX-Info.plist */ = {isa = PBXFileReference; lastKnownFileType = text.plist.xml; path = "CoreTextDemo-OSX-Info.plist"; sourceTree = "<group>"; };
		439C87041862E41B0089F3DA /* en */ = {isa = PBXFileReference; lastKnownFileType = text.plist.strings; name = en; path = en.lproj/InfoPlist.strings; sourceTree = "<group>"; };
		439C87061862E41B0089F3DA /* main.m */ = {isa = PBXFileReference; lastKnownFileType = sourcecode.c.objc; path = main.m; sourceTree = "<group>"; };
		439C87081862E41B0089F3DA /* CoreTextDemo-OSX-Prefix.pch */ = {isa = PBXFileReference; lastKnownFileType = sourcecode.c.h; path = "CoreTextDemo-OSX-Prefix.pch"; sourceTree = "<group>"; };
		439C870A1862E41B0089F3DA /* en */ = {isa = PBXFileReference; lastKnownFileType = text.rtf; name = en; path = en.lproj/Credits.rtf; sourceTree = "<group>"; };
		439C870C1862E41B0089F3DA /* AppDelegate.h */ = {isa = PBXFileReference; lastKnownFileType = sourcecode.c.h; path = AppDelegate.h; sourceTree = "<group>"; };
		439C870D1862E41B0089F3DA /* AppDelegate.m */ = {isa = PBXFileReference; lastKnownFileType = sourcecode.c.objc; path = AppDelegate.m; sourceTree = "<group>"; };
		439C87101862E41C0089F3DA /* Base */ = {isa = PBXFileReference; lastKnownFileType = file.xib; name = Base; path = Base.lproj/MainMenu.xib; sourceTree = "<group>"; };
		439C87121862E41C0089F3DA /* Images.xcassets */ = {isa = PBXFileReference; lastKnownFileType = folder.assetcatalog; path = Images.xcassets; sourceTree = "<group>"; };
		439C872E1862E49B0089F3DA /* CoreTextView.h */ = {isa = PBXFileReference; fileEncoding = 4; lastKnownFileType = sourcecode.c.h; path = CoreTextView.h; sourceTree = "<group>"; };
		439C872F1862E49B0089F3DA /* CoreTextView.m */ = {isa = PBXFileReference; fileEncoding = 4; lastKnownFileType = sourcecode.c.objc; path = CoreTextView.m; sourceTree = "<group>"; };
		43B163C31862CD93006B6CE1 /* CoreTextDemo.app */ = {isa = PBXFileReference; explicitFileType = wrapper.application; includeInIndex = 0; path = CoreTextDemo.app; sourceTree = BUILT_PRODUCTS_DIR; };
		43B163C61862CD93006B6CE1 /* Foundation.framework */ = {isa = PBXFileReference; lastKnownFileType = wrapper.framework; name = Foundation.framework; path = System/Library/Frameworks/Foundation.framework; sourceTree = SDKROOT; };
		43B163C81862CD93006B6CE1 /* CoreGraphics.framework */ = {isa = PBXFileReference; lastKnownFileType = wrapper.framework; name = CoreGraphics.framework; path = System/Library/Frameworks/CoreGraphics.framework; sourceTree = SDKROOT; };
		43B163CE1862CD93006B6CE1 /* CoreTextDemo-Info.plist */ = {isa = PBXFileReference; lastKnownFileType = text.plist.xml; path = "CoreTextDemo-Info.plist"; sourceTree = "<group>"; };
		43B163D01862CD93006B6CE1 /* en */ = {isa = PBXFileReference; lastKnownFileType = text.plist.strings; name = en; path = en.lproj/InfoPlist.strings; sourceTree = "<group>"; };
		43B163D21862CD93006B6CE1 /* main.m */ = {isa = PBXFileReference; lastKnownFileType = sourcecode.c.objc; path = main.m; sourceTree = "<group>"; };
		43B163D41862CD93006B6CE1 /* CoreTextDemo-Prefix.pch */ = {isa = PBXFileReference; lastKnownFileType = sourcecode.c.h; path = "CoreTextDemo-Prefix.pch"; sourceTree = "<group>"; };
		43B163D51862CD93006B6CE1 /* AppDelegate.h */ = {isa = PBXFileReference; lastKnownFileType = sourcecode.c.h; path = AppDelegate.h; sourceTree = "<group>"; };
		43B163D61862CD93006B6CE1 /* AppDelegate.m */ = {isa = PBXFileReference; lastKnownFileType = sourcecode.c.objc; path = AppDelegate.m; sourceTree = "<group>"; };
		43B163DB1862CD93006B6CE1 /* ViewController.h */ = {isa = PBXFileReference; lastKnownFileType = sourcecode.c.h; path = ViewController.h; sourceTree = "<group>"; };
		43B163DC1862CD93006B6CE1 /* ViewController.m */ = {isa = PBXFileReference; lastKnownFileType = sourcecode.c.objc; path = ViewController.m; sourceTree = "<group>"; };
		43B163DE1862CD93006B6CE1 /* Images.xcassets */ = {isa = PBXFileReference; lastKnownFileType = folder.assetcatalog; path = Images.xcassets; sourceTree = "<group>"; };
		43B164521862CFAB006B6CE1 /* CoreTextView.h */ = {isa = PBXFileReference; fileEncoding = 4; lastKnownFileType = sourcecode.c.h; path = CoreTextView.h; sourceTree = "<group>"; };
		43B164531862CFAB006B6CE1 /* CoreTextView.m */ = {isa = PBXFileReference; fileEncoding = 4; lastKnownFileType = sourcecode.c.objc; path = CoreTextView.m; sourceTree = "<group>"; };
		43B164551862D191006B6CE1 /* CoreText.framework */ = {isa = PBXFileReference; lastKnownFileType = wrapper.framework; name = CoreText.framework; path = System/Library/Frameworks/CoreText.framework; sourceTree = SDKROOT; };
		43EDF1AE195ACB9E00B3DD0D /* TestController.h */ = {isa = PBXFileReference; fileEncoding = 4; lastKnownFileType = sourcecode.c.h; path = TestController.h; sourceTree = "<group>"; };
		43EDF1AF195ACB9E00B3DD0D /* TestController.m */ = {isa = PBXFileReference; fileEncoding = 4; lastKnownFileType = sourcecode.c.objc; path = TestController.m; sourceTree = "<group>"; };
		43EDF1B3195ACCE500B3DD0D /* Cocoa.framework */ = {isa = PBXFileReference; lastKnownFileType = wrapper.framework; name = Cocoa.framework; path = System/Library/Frameworks/Cocoa.framework; sourceTree = SDKROOT; };
/* End PBXFileReference section */

/* Begin PBXFrameworksBuildPhase section */
		4390B8991A860E960082B0F1 /* Frameworks */ = {
			isa = PBXFrameworksBuildPhase;
			buildActionMask = 2147483647;
			files = (
				4390B8BB1A860F5C0082B0F1 /* CoreGraphics.framework in Frameworks */,
				4390B8B91A860F4F0082B0F1 /* CoreText.framework in Frameworks */,
				4390B89F1A860E960082B0F1 /* UIKit.framework in Frameworks */,
			);
			runOnlyForDeploymentPostprocessing = 0;
		};
		439C86F61862E41B0089F3DA /* Frameworks */ = {
			isa = PBXFrameworksBuildPhase;
			buildActionMask = 2147483647;
			files = (
				432C7A3D195AD460003AFC04 /* TNCoreText.framework in Frameworks */,
			);
			runOnlyForDeploymentPostprocessing = 0;
		};
		43B163C01862CD93006B6CE1 /* Frameworks */ = {
			isa = PBXFrameworksBuildPhase;
			buildActionMask = 2147483647;
			files = (
				43B163C91862CD93006B6CE1 /* CoreGraphics.framework in Frameworks */,
				43B163C71862CD93006B6CE1 /* Foundation.framework in Frameworks */,
			);
			runOnlyForDeploymentPostprocessing = 0;
		};
/* End PBXFrameworksBuildPhase section */

/* Begin PBXGroup section */
		4327C5411A875BF5001429B9 /* Tests */ = {
			isa = PBXGroup;
			children = (
				43B164521862CFAB006B6CE1 /* CoreTextView.h */,
				43B164531862CFAB006B6CE1 /* CoreTextView.m */,
				4327C5421A875C0B001429B9 /* TNCTTestViewController.h */,
				4327C5431A875C0B001429B9 /* TNCTTestViewController.m */,
				4327C5441A875C0B001429B9 /* TNCTView.h */,
				4327C5451A875C0B001429B9 /* TNCTView.m */,
			);
			name = Tests;
			sourceTree = "<group>";
		};
		4327C5541A875C59001429B9 /* Basic classes */ = {
			isa = PBXGroup;
			children = (
				4327C54A1A875C20001429B9 /* TNTestCase.h */,
				4327C54B1A875C20001429B9 /* TNTestCase.m */,
				4327C54C1A875C20001429B9 /* TNTestViewController.h */,
				4327C54D1A875C20001429B9 /* TNTestViewController.m */,
			);
			name = "Basic classes";
			sourceTree = "<group>";
		};
		432C7A38195AD25A003AFC04 /* Casees */ = {
			isa = PBXGroup;
			children = (
				439C872E1862E49B0089F3DA /* CoreTextView.h */,
				439C872F1862E49B0089F3DA /* CoreTextView.m */,
				432C7A39195AD287003AFC04 /* DrawRectView.h */,
				432C7A3A195AD287003AFC04 /* DrawRectView.m */,
			);
			name = Casees;
			sourceTree = "<group>";
		};
		4390B8A01A860E960082B0F1 /* CoreTextDemo-Android */ = {
			isa = PBXGroup;
			children = (
				4390B8A11A860E960082B0F1 /* Supporting Files */,
			);
			path = "CoreTextDemo-Android";
			sourceTree = "<group>";
		};
		4390B8A11A860E960082B0F1 /* Supporting Files */ = {
			isa = PBXGroup;
			children = (
				4390B8A21A860E960082B0F1 /* Info.plist */,
				4390B8A31A860E960082B0F1 /* main.m */,
				4390B8A81A860E960082B0F1 /* TNAndroidLauncher.h */,
				4390B8AA1A860E960082B0F1 /* TNAndroidLauncher.m */,
				4390B8AC1A860E960082B0F1 /* Android.xcconfig */,
				4390B8AD1A860E960082B0F1 /* Android.mk */,
				4390B8AE1A860E960082B0F1 /* MainActivity.java */,
				4390B8AF1A860E960082B0F1 /* AndroidManifest.xml */,
			);
			name = "Supporting Files";
			sourceTree = "<group>";
		};
		439C87001862E41B0089F3DA /* CoreTextDemo-OSX */ = {
			isa = PBXGroup;
			children = (
				439C870C1862E41B0089F3DA /* AppDelegate.h */,
				439C870D1862E41B0089F3DA /* AppDelegate.m */,
				432C7A38195AD25A003AFC04 /* Casees */,
				43EDF1AE195ACB9E00B3DD0D /* TestController.h */,
				43EDF1AF195ACB9E00B3DD0D /* TestController.m */,
				432C7A33195AD079003AFC04 /* TestCaseWindowController.h */,
				432C7A34195AD079003AFC04 /* TestCaseWindowController.m */,
				432C7A35195AD079003AFC04 /* TestCaseWindowController.xib */,
				439C870F1862E41C0089F3DA /* MainMenu.xib */,
				439C87121862E41C0089F3DA /* Images.xcassets */,
				439C87011862E41B0089F3DA /* Supporting Files */,
			);
			path = "CoreTextDemo-OSX";
			sourceTree = "<group>";
		};
		439C87011862E41B0089F3DA /* Supporting Files */ = {
			isa = PBXGroup;
			children = (
				439C87021862E41B0089F3DA /* CoreTextDemo-OSX-Info.plist */,
				439C87031862E41B0089F3DA /* InfoPlist.strings */,
				439C87061862E41B0089F3DA /* main.m */,
				439C87081862E41B0089F3DA /* CoreTextDemo-OSX-Prefix.pch */,
				439C87091862E41B0089F3DA /* Credits.rtf */,
			);
			name = "Supporting Files";
			sourceTree = "<group>";
		};
		43B163BA1862CD93006B6CE1 = {
			isa = PBXGroup;
			children = (
				43B163CC1862CD93006B6CE1 /* CoreTextDemo-iOS */,
				439C87001862E41B0089F3DA /* CoreTextDemo-OSX */,
				4390B8A01A860E960082B0F1 /* CoreTextDemo-Android */,
				43B163C51862CD93006B6CE1 /* Frameworks */,
				43B163C41862CD93006B6CE1 /* Products */,
			);
			sourceTree = "<group>";
		};
		43B163C41862CD93006B6CE1 /* Products */ = {
			isa = PBXGroup;
			children = (
				43B163C31862CD93006B6CE1 /* CoreTextDemo.app */,
				439C86F91862E41B0089F3DA /* CoreTextDemo-OSX.app */,
				4390B89D1A860E960082B0F1 /* CoreTextDemo.app */,
			);
			name = Products;
			sourceTree = "<group>";
		};
		43B163C51862CD93006B6CE1 /* Frameworks */ = {
			isa = PBXGroup;
			children = (
				4390B8BA1A860F5C0082B0F1 /* CoreGraphics.framework */,
				4390B8B81A860F4F0082B0F1 /* CoreText.framework */,
				432C7A3C195AD460003AFC04 /* TNCoreText.framework */,
				43EDF1B3195ACCE500B3DD0D /* Cocoa.framework */,
				43B164551862D191006B6CE1 /* CoreText.framework */,
				43B163C61862CD93006B6CE1 /* Foundation.framework */,
				43B163C81862CD93006B6CE1 /* CoreGraphics.framework */,
				4390B89E1A860E960082B0F1 /* UIKit.framework */,
			);
			name = Frameworks;
			sourceTree = "<group>";
		};
		43B163CC1862CD93006B6CE1 /* CoreTextDemo-iOS */ = {
			isa = PBXGroup;
			children = (
				43B163D51862CD93006B6CE1 /* AppDelegate.h */,
				43B163D61862CD93006B6CE1 /* AppDelegate.m */,
				43B163DB1862CD93006B6CE1 /* ViewController.h */,
				43B163DC1862CD93006B6CE1 /* ViewController.m */,
				4327C5541A875C59001429B9 /* Basic classes */,
				4327C5411A875BF5001429B9 /* Tests */,
				43B163DE1862CD93006B6CE1 /* Images.xcassets */,
				43B163CD1862CD93006B6CE1 /* Supporting Files */,
			);
			name = "CoreTextDemo-iOS";
			path = CoreTextDemo;
			sourceTree = "<group>";
		};
		43B163CD1862CD93006B6CE1 /* Supporting Files */ = {
			isa = PBXGroup;
			children = (
				4390B8C31A8615CB0082B0F1 /* CoreText_Icon.png */,
				4390B8BF1A8615B60082B0F1 /* Icon.png */,
				4390B8C01A8615B60082B0F1 /* Icon@2x.png */,
				43B163CE1862CD93006B6CE1 /* CoreTextDemo-Info.plist */,
				43B163CF1862CD93006B6CE1 /* InfoPlist.strings */,
				43B163D21862CD93006B6CE1 /* main.m */,
				43B163D41862CD93006B6CE1 /* CoreTextDemo-Prefix.pch */,
			);
			name = "Supporting Files";
			sourceTree = "<group>";
		};
/* End PBXGroup section */

/* Begin PBXNativeTarget section */
		4390B89C1A860E960082B0F1 /* CoreTextDemo-Android */ = {
			isa = PBXNativeTarget;
			buildConfigurationList = 4390B8B31A860E960082B0F1 /* Build configuration list for PBXNativeTarget "CoreTextDemo-Android" */;
			buildPhases = (
				4390B8981A860E960082B0F1 /* Sources */,
				4390B8991A860E960082B0F1 /* Frameworks */,
				4390B89A1A860E960082B0F1 /* Resources */,
				4390B89B1A860E960082B0F1 /* ShellScript */,
			);
			buildRules = (
			);
			dependencies = (
			);
			name = "CoreTextDemo-Android";
			productName = "CoreTextDemo-Android";
			productReference = 4390B89D1A860E960082B0F1 /* CoreTextDemo.app */;
			productType = "com.apple.product-type.application";
		};
		439C86F81862E41B0089F3DA /* CoreTextDemo-OSX */ = {
			isa = PBXNativeTarget;
			buildConfigurationList = 439C872C1862E41C0089F3DA /* Build configuration list for PBXNativeTarget "CoreTextDemo-OSX" */;
			buildPhases = (
				439C86F51862E41B0089F3DA /* Sources */,
				439C86F61862E41B0089F3DA /* Frameworks */,
				439C86F71862E41B0089F3DA /* Resources */,
			);
			buildRules = (
			);
			dependencies = (
			);
			name = "CoreTextDemo-OSX";
			productName = "CoreTextDemo-OSX";
			productReference = 439C86F91862E41B0089F3DA /* CoreTextDemo-OSX.app */;
			productType = "com.apple.product-type.application";
		};
		43B163C21862CD93006B6CE1 /* CoreTextDemo */ = {
			isa = PBXNativeTarget;
			buildConfigurationList = 43B163F51862CD93006B6CE1 /* Build configuration list for PBXNativeTarget "CoreTextDemo" */;
			buildPhases = (
				43B163BF1862CD93006B6CE1 /* Sources */,
				43B163C01862CD93006B6CE1 /* Frameworks */,
				43B163C11862CD93006B6CE1 /* Resources */,
			);
			buildRules = (
			);
			dependencies = (
			);
			name = CoreTextDemo;
			productName = CoreTextDemo;
			productReference = 43B163C31862CD93006B6CE1 /* CoreTextDemo.app */;
			productType = "com.apple.product-type.application";
		};
/* End PBXNativeTarget section */

/* Begin PBXProject section */
		43B163BB1862CD93006B6CE1 /* Project object */ = {
			isa = PBXProject;
			attributes = {
				LastUpgradeCheck = 0500;
				ORGANIZATIONNAME = "Shanghai TinyNetwork Inc.";
				TargetAttributes = {
					4390B89C1A860E960082B0F1 = {
						CreatedOnToolsVersion = 6.1.1;
					};
				};
			};
			buildConfigurationList = 43B163BE1862CD93006B6CE1 /* Build configuration list for PBXProject "CoreTextDemo" */;
			compatibilityVersion = "Xcode 3.2";
			developmentRegion = English;
			hasScannedForEncodings = 0;
			knownRegions = (
				en,
				Base,
			);
			mainGroup = 43B163BA1862CD93006B6CE1;
			productRefGroup = 43B163C41862CD93006B6CE1 /* Products */;
			projectDirPath = "";
			projectRoot = "";
			targets = (
				43B163C21862CD93006B6CE1 /* CoreTextDemo */,
				439C86F81862E41B0089F3DA /* CoreTextDemo-OSX */,
				4390B89C1A860E960082B0F1 /* CoreTextDemo-Android */,
			);
		};
/* End PBXProject section */

/* Begin PBXResourcesBuildPhase section */
		4390B89A1A860E960082B0F1 /* Resources */ = {
			isa = PBXResourcesBuildPhase;
			buildActionMask = 2147483647;
			files = (
				4390B8C71A8616110082B0F1 /* Icon.png in Resources */,
				4390B8A91A860E960082B0F1 /* TNAndroidLauncher.h in Resources */,
				4390B8C61A86160F0082B0F1 /* Icon@2x.png in Resources */,
			);
			runOnlyForDeploymentPostprocessing = 0;
		};
		439C86F71862E41B0089F3DA /* Resources */ = {
			isa = PBXResourcesBuildPhase;
			buildActionMask = 2147483647;
			files = (
				439C87051862E41B0089F3DA /* InfoPlist.strings in Resources */,
				439C87131862E41C0089F3DA /* Images.xcassets in Resources */,
				439C870B1862E41B0089F3DA /* Credits.rtf in Resources */,
				432C7A37195AD079003AFC04 /* TestCaseWindowController.xib in Resources */,
				439C87111862E41C0089F3DA /* MainMenu.xib in Resources */,
			);
			runOnlyForDeploymentPostprocessing = 0;
		};
		43B163C11862CD93006B6CE1 /* Resources */ = {
			isa = PBXResourcesBuildPhase;
			buildActionMask = 2147483647;
			files = (
				4390B8C11A8615B60082B0F1 /* Icon.png in Resources */,
				43B163DF1862CD93006B6CE1 /* Images.xcassets in Resources */,
				43B163D11862CD93006B6CE1 /* InfoPlist.strings in Resources */,
				4390B8C21A8615B60082B0F1 /* Icon@2x.png in Resources */,
			);
			runOnlyForDeploymentPostprocessing = 0;
		};
/* End PBXResourcesBuildPhase section */

/* Begin PBXShellScriptBuildPhase section */
		4390B89B1A860E960082B0F1 /* ShellScript */ = {
			isa = PBXShellScriptBuildPhase;
			buildActionMask = 2147483647;
			files = (
			);
			inputPaths = (
			);
			outputPaths = (
			);
			runOnlyForDeploymentPostprocessing = 0;
			shellPath = /bin/sh;
			shellScript = "\nrelpath()\n{\n    s=$(cd ${1%%/};pwd); d=$(cd $2;pwd); while [ \"${d#$s/}\" == \"${d}\" ]\n    do s=$(dirname $s);b=\"../${b}\"; done; echo ${b}${d#$s/}\n    }\n    \n    #setting PATH\n    PATH=$(bash -l -c 'echo $PATH')\n    \n    echo \"current direct\"\n    pwd\n    \n    TN_EXEC_PATH=\"$TARGET_BUILD_DIR/$EXECUTABLE_PATH\"\n    echo $TN_EXEC_PATH\n    \n    #Temp Android Project Path\n    TN_ANDROID_PROJECT_PATH=\"$TARGET_BUILD_DIR/android\"\n    \n    PRODUCT_IDENTIFIER=`/usr/libexec/PlistBuddy -c \"Print :CFBundleIdentifier\" $TARGET_BUILD_DIR/$INFOPLIST_PATH`\n    echo $ROOT_PRODUCT_IDENTIFIER_PLIST\n    \n    if [[ ! -d $TN_ANDROID_PROJECT_PATH ]]; then\n    mkdir -p $TN_ANDROID_PROJECT_PATH\n    fi\n    \n    pushd $TN_ANDROID_PROJECT_PATH\n    \n    ## create project if needs\n    if [[ ! -f AndroidManifest.xml ]]; then\n    android create project --target 1 --name $PRODUCT_NAME --path ./ --activity MainActivity --package $PRODUCT_IDENTIFIER\n    mkdir -p jni\n    \n    \n    # patch AndroidManifest.xml\n    echo \"patching AndroidManifest.xml..\"\n    cp \"$SRCROOT/$TARGET_NAME/AndroidManifest.xml\" ./\n    \n    # patch MainActivity.java\n    java_dest=`find . -name MainActivity.java`\n    cp \"$SRCROOT/$TARGET_NAME/MainActivity.java\" \"$java_dest\"\n    \n    # include CocoaActivity lib\n    TN_CURRENT=`pwd`\n    Relative_Library_Path=`relpath $TN_CURRENT /Users/chyhfj/Development/MiraiSDK/toolchain/android/Android18.sdk/System/Library/Frameworks/CocoaActivity`\n    \n    android update project --target 1 --path . --library $Relative_Library_Path\n    \n    #update app name\n    sed -i .bak -e \"s/>MainActivity</>$PRODUCT_NAME</\" res/values/strings.xml\n    rm res/values/strings.xml.bak\n    \n    fi\n    \n    #copy jni files\n    cp \"$TN_EXEC_PATH\" \"jni/$EXECUTABLE_NAME.so\"\n    cp \"$SRCROOT/$TARGET_NAME/Android.mk\" jni/\n    \n    #copy icon\n    cp \"$TARGET_BUILD_DIR/$UNLOCALIZED_RESOURCES_FOLDER_PATH/Icon@2x.png\" res/drawable-hdpi/ic_launcher.png # 72x72\n    cp \"$TARGET_BUILD_DIR/$UNLOCALIZED_RESOURCES_FOLDER_PATH/Icon.png\" res/drawable-ldpi/ic_launcher.png #36x36\n    cp \"$TARGET_BUILD_DIR/$UNLOCALIZED_RESOURCES_FOLDER_PATH/Icon@2x.png\" res/drawable-mdpi/ic_launcher.png #48x48\n    cp \"$TARGET_BUILD_DIR/$UNLOCALIZED_RESOURCES_FOLDER_PATH/Icon@2x.png\" res/drawable-xhdpi/ic_launcher.png #96x96\n\n    #build ndk\n    NDK_DEBUG=1 ndk-build\n    \n    # run if needs\n    \n    popd";
		};
/* End PBXShellScriptBuildPhase section */

/* Begin PBXSourcesBuildPhase section */
		4390B8981A860E960082B0F1 /* Sources */ = {
			isa = PBXSourcesBuildPhase;
			buildActionMask = 2147483647;
			files = (
				4390B8B71A860F290082B0F1 /* CoreTextView.m in Sources */,
				4390B8AB1A860E960082B0F1 /* TNAndroidLauncher.m in Sources */,
				4327C5491A875C0B001429B9 /* TNCTView.m in Sources */,
				4390B8A41A860E960082B0F1 /* main.m in Sources */,
				4390B8B61A860F1D0082B0F1 /* ViewController.m in Sources */,
				4327C54F1A875C20001429B9 /* TNTestCase.m in Sources */,
				4390B8C81A86196C0082B0F1 /* AppDelegate.m in Sources */,
				4327C5511A875C20001429B9 /* TNTestViewController.m in Sources */,
				4327C5471A875C0B001429B9 /* TNCTTestViewController.m in Sources */,
			);
			runOnlyForDeploymentPostprocessing = 0;
		};
		439C86F51862E41B0089F3DA /* Sources */ = {
			isa = PBXSourcesBuildPhase;
			buildActionMask = 2147483647;
			files = (
				432C7A3B195AD287003AFC04 /* DrawRectView.m in Sources */,
				439C870E1862E41B0089F3DA /* AppDelegate.m in Sources */,
				439C87071862E41B0089F3DA /* main.m in Sources */,
				439C87301862E49B0089F3DA /* CoreTextView.m in Sources */,
				43EDF1B0195ACB9E00B3DD0D /* TestController.m in Sources */,
				432C7A36195AD079003AFC04 /* TestCaseWindowController.m in Sources */,
			);
			runOnlyForDeploymentPostprocessing = 0;
		};
		43B163BF1862CD93006B6CE1 /* Sources */ = {
			isa = PBXSourcesBuildPhase;
			buildActionMask = 2147483647;
			files = (
				43B163DD1862CD93006B6CE1 /* ViewController.m in Sources */,
				4327C5461A875C0B001429B9 /* TNCTTestViewController.m in Sources */,
				4327C5501A875C20001429B9 /* TNTestViewController.m in Sources */,
				43B163D71862CD93006B6CE1 /* AppDelegate.m in Sources */,
				43B164541862CFAB006B6CE1 /* CoreTextView.m in Sources */,
				43B163D31862CD93006B6CE1 /* main.m in Sources */,
				4327C5481A875C0B001429B9 /* TNCTView.m in Sources */,
				4327C54E1A875C20001429B9 /* TNTestCase.m in Sources */,
			);
			runOnlyForDeploymentPostprocessing = 0;
		};
/* End PBXSourcesBuildPhase section */

/* Begin PBXVariantGroup section */
		439C87031862E41B0089F3DA /* InfoPlist.strings */ = {
			isa = PBXVariantGroup;
			children = (
				439C87041862E41B0089F3DA /* en */,
			);
			name = InfoPlist.strings;
			sourceTree = "<group>";
		};
		439C87091862E41B0089F3DA /* Credits.rtf */ = {
			isa = PBXVariantGroup;
			children = (
				439C870A1862E41B0089F3DA /* en */,
			);
			name = Credits.rtf;
			sourceTree = "<group>";
		};
		439C870F1862E41C0089F3DA /* MainMenu.xib */ = {
			isa = PBXVariantGroup;
			children = (
				439C87101862E41C0089F3DA /* Base */,
			);
			name = MainMenu.xib;
			sourceTree = "<group>";
		};
		43B163CF1862CD93006B6CE1 /* InfoPlist.strings */ = {
			isa = PBXVariantGroup;
			children = (
				43B163D01862CD93006B6CE1 /* en */,
			);
			name = InfoPlist.strings;
			sourceTree = "<group>";
		};
/* End PBXVariantGroup section */

/* Begin XCBuildConfiguration section */
		4390B8B41A860E960082B0F1 /* Debug */ = {
			isa = XCBuildConfiguration;
			baseConfigurationReference = 4390B8AC1A860E960082B0F1 /* Android.xcconfig */;
			buildSettings = {
				ASSETCATALOG_COMPILER_APPICON_NAME = AppIcon;
				CLANG_WARN_UNREACHABLE_CODE = YES;
				ENABLE_STRICT_OBJC_MSGSEND = YES;
				FRAMEWORK_SEARCH_PATHS = (
					"$(inherited)",
					"$(DEVELOPER_FRAMEWORKS_DIR)",
				);
				GCC_PREPROCESSOR_DEFINITIONS = (
					"DEBUG=1",
					"$(inherited)",
				);
				GCC_WARN_UNINITIALIZED_AUTOS = YES_AGGRESSIVE;
				INFOPLIST_FILE = "CoreTextDemo-Android/Info.plist";
				IPHONEOS_DEPLOYMENT_TARGET = 8.1;
				LD_RUNPATH_SEARCH_PATHS = "$(inherited) @executable_path/Frameworks";
				MTL_ENABLE_DEBUG_INFO = YES;
				PRODUCT_NAME = CoreTextDemo;
			};
			name = Debug;
		};
		4390B8B51A860E960082B0F1 /* Release */ = {
			isa = XCBuildConfiguration;
			baseConfigurationReference = 4390B8AC1A860E960082B0F1 /* Android.xcconfig */;
			buildSettings = {
				ASSETCATALOG_COMPILER_APPICON_NAME = AppIcon;
				CLANG_WARN_UNREACHABLE_CODE = YES;
				ENABLE_STRICT_OBJC_MSGSEND = YES;
				FRAMEWORK_SEARCH_PATHS = (
					"$(inherited)",
					"$(DEVELOPER_FRAMEWORKS_DIR)",
				);
				GCC_WARN_UNINITIALIZED_AUTOS = YES_AGGRESSIVE;
				INFOPLIST_FILE = "CoreTextDemo-Android/Info.plist";
				IPHONEOS_DEPLOYMENT_TARGET = 8.1;
				LD_RUNPATH_SEARCH_PATHS = "$(inherited) @executable_path/Frameworks";
				MTL_ENABLE_DEBUG_INFO = NO;
				PRODUCT_NAME = CoreTextDemo;
			};
			name = Release;
		};
		439C87251862E41C0089F3DA /* Debug */ = {
			isa = XCBuildConfiguration;
			buildSettings = {
				ALWAYS_SEARCH_USER_PATHS = YES;
				ASSETCATALOG_COMPILER_APPICON_NAME = AppIcon;
				COMBINE_HIDPI_IMAGES = YES;
				FRAMEWORK_SEARCH_PATHS = (
					"$(inherited)",
					"$(DEVELOPER_FRAMEWORKS_DIR)",
					/usr/local/include/,
					"$(USER_LIBRARY_DIR)/Developer/Xcode/DerivedData/CoreTextDemo-Mac-eaexamrcjosloaebweigtxmptaoi/Build/Products/Debug",
				);
				GCC_ENABLE_OBJC_EXCEPTIONS = YES;
				GCC_PRECOMPILE_PREFIX_HEADER = YES;
				GCC_PREFIX_HEADER = "CoreTextDemo-OSX/CoreTextDemo-OSX-Prefix.pch";
				GCC_PREPROCESSOR_DEFINITIONS = (
					"DEBUG=1",
					"$(inherited)",
				);
				HEADER_SEARCH_PATHS = (
					"$(inherited)",
					/Applications/Xcode.app/Contents/Developer/Toolchains/XcodeDefault.xctoolchain/usr/include,
					/usr/local/,
				);
				INFOPLIST_FILE = "CoreTextDemo-OSX/CoreTextDemo-OSX-Info.plist";
				MACOSX_DEPLOYMENT_TARGET = 10.9;
				PRODUCT_NAME = "$(TARGET_NAME)";
				SDKROOT = macosx;
				WRAPPER_EXTENSION = app;
			};
			name = Debug;
		};
		439C87261862E41C0089F3DA /* Release */ = {
			isa = XCBuildConfiguration;
			buildSettings = {
				ALWAYS_SEARCH_USER_PATHS = YES;
				ASSETCATALOG_COMPILER_APPICON_NAME = AppIcon;
				COMBINE_HIDPI_IMAGES = YES;
				DEBUG_INFORMATION_FORMAT = "dwarf-with-dsym";
				FRAMEWORK_SEARCH_PATHS = (
					"$(inherited)",
					"$(DEVELOPER_FRAMEWORKS_DIR)",
					/usr/local/include/,
					"$(USER_LIBRARY_DIR)/Developer/Xcode/DerivedData/CoreTextDemo-Mac-eaexamrcjosloaebweigtxmptaoi/Build/Products/Debug",
				);
				GCC_ENABLE_OBJC_EXCEPTIONS = YES;
				GCC_PRECOMPILE_PREFIX_HEADER = YES;
				GCC_PREFIX_HEADER = "CoreTextDemo-OSX/CoreTextDemo-OSX-Prefix.pch";
				HEADER_SEARCH_PATHS = (
					"$(inherited)",
					/Applications/Xcode.app/Contents/Developer/Toolchains/XcodeDefault.xctoolchain/usr/include,
					/usr/local/,
				);
				INFOPLIST_FILE = "CoreTextDemo-OSX/CoreTextDemo-OSX-Info.plist";
				MACOSX_DEPLOYMENT_TARGET = 10.9;
				PRODUCT_NAME = "$(TARGET_NAME)";
				SDKROOT = macosx;
				WRAPPER_EXTENSION = app;
			};
			name = Release;
		};
		43B163F31862CD93006B6CE1 /* Debug */ = {
			isa = XCBuildConfiguration;
			buildSettings = {
				ALWAYS_SEARCH_USER_PATHS = NO;
				ARCHS = "$(ARCHS_STANDARD_INCLUDING_64_BIT)";
				CLANG_CXX_LANGUAGE_STANDARD = "gnu++0x";
				CLANG_CXX_LIBRARY = "libc++";
				CLANG_ENABLE_MODULES = YES;
				CLANG_ENABLE_OBJC_ARC = YES;
				CLANG_WARN_BOOL_CONVERSION = YES;
				CLANG_WARN_CONSTANT_CONVERSION = YES;
				CLANG_WARN_DIRECT_OBJC_ISA_USAGE = YES_ERROR;
				CLANG_WARN_EMPTY_BODY = YES;
				CLANG_WARN_ENUM_CONVERSION = YES;
				CLANG_WARN_INT_CONVERSION = YES;
				CLANG_WARN_OBJC_ROOT_CLASS = YES_ERROR;
				CLANG_WARN__DUPLICATE_METHOD_MATCH = YES;
				"CODE_SIGN_IDENTITY[sdk=iphoneos*]" = "iPhone Developer";
				COPY_PHASE_STRIP = NO;
				GCC_C_LANGUAGE_STANDARD = gnu99;
				GCC_DYNAMIC_NO_PIC = NO;
				GCC_OPTIMIZATION_LEVEL = 0;
				GCC_PREPROCESSOR_DEFINITIONS = (
					"DEBUG=1",
					"$(inherited)",
				);
				GCC_SYMBOLS_PRIVATE_EXTERN = NO;
				GCC_WARN_64_TO_32_BIT_CONVERSION = YES;
				GCC_WARN_ABOUT_RETURN_TYPE = YES_ERROR;
				GCC_WARN_UNDECLARED_SELECTOR = YES;
				GCC_WARN_UNINITIALIZED_AUTOS = YES;
				GCC_WARN_UNUSED_FUNCTION = YES;
				GCC_WARN_UNUSED_VARIABLE = YES;
				IPHONEOS_DEPLOYMENT_TARGET = 7.0;
				ONLY_ACTIVE_ARCH = YES;
				SDKROOT = macosx;
			};
			name = Debug;
		};
		43B163F41862CD93006B6CE1 /* Release */ = {
			isa = XCBuildConfiguration;
			buildSettings = {
				ALWAYS_SEARCH_USER_PATHS = NO;
				ARCHS = "$(ARCHS_STANDARD_INCLUDING_64_BIT)";
				CLANG_CXX_LANGUAGE_STANDARD = "gnu++0x";
				CLANG_CXX_LIBRARY = "libc++";
				CLANG_ENABLE_MODULES = YES;
				CLANG_ENABLE_OBJC_ARC = YES;
				CLANG_WARN_BOOL_CONVERSION = YES;
				CLANG_WARN_CONSTANT_CONVERSION = YES;
				CLANG_WARN_DIRECT_OBJC_ISA_USAGE = YES_ERROR;
				CLANG_WARN_EMPTY_BODY = YES;
				CLANG_WARN_ENUM_CONVERSION = YES;
				CLANG_WARN_INT_CONVERSION = YES;
				CLANG_WARN_OBJC_ROOT_CLASS = YES_ERROR;
				CLANG_WARN__DUPLICATE_METHOD_MATCH = YES;
				"CODE_SIGN_IDENTITY[sdk=iphoneos*]" = "iPhone Developer";
				COPY_PHASE_STRIP = YES;
				ENABLE_NS_ASSERTIONS = NO;
				GCC_C_LANGUAGE_STANDARD = gnu99;
				GCC_WARN_64_TO_32_BIT_CONVERSION = YES;
				GCC_WARN_ABOUT_RETURN_TYPE = YES_ERROR;
				GCC_WARN_UNDECLARED_SELECTOR = YES;
				GCC_WARN_UNINITIALIZED_AUTOS = YES;
				GCC_WARN_UNUSED_FUNCTION = YES;
				GCC_WARN_UNUSED_VARIABLE = YES;
				IPHONEOS_DEPLOYMENT_TARGET = 7.0;
				SDKROOT = macosx;
				VALIDATE_PRODUCT = YES;
			};
			name = Release;
		};
		43B163F61862CD93006B6CE1 /* Debug */ = {
			isa = XCBuildConfiguration;
			buildSettings = {
				ARCHS = "$(ARCHS_STANDARD)";
				ASSETCATALOG_COMPILER_APPICON_NAME = AppIcon;
				ASSETCATALOG_COMPILER_LAUNCHIMAGE_NAME = LaunchImage;
				GCC_PRECOMPILE_PREFIX_HEADER = YES;
				GCC_PREFIX_HEADER = "CoreTextDemo/CoreTextDemo-Prefix.pch";
				INFOPLIST_FILE = "CoreTextDemo/CoreTextDemo-Info.plist";
				PRODUCT_NAME = "$(TARGET_NAME)";
				SDKROOT = iphoneos;
				WRAPPER_EXTENSION = app;
			};
			name = Debug;
		};
		43B163F71862CD93006B6CE1 /* Release */ = {
			isa = XCBuildConfiguration;
			buildSettings = {
				ARCHS = "$(ARCHS_STANDARD)";
				ASSETCATALOG_COMPILER_APPICON_NAME = AppIcon;
				ASSETCATALOG_COMPILER_LAUNCHIMAGE_NAME = LaunchImage;
				GCC_PRECOMPILE_PREFIX_HEADER = YES;
				GCC_PREFIX_HEADER = "CoreTextDemo/CoreTextDemo-Prefix.pch";
				INFOPLIST_FILE = "CoreTextDemo/CoreTextDemo-Info.plist";
				PRODUCT_NAME = "$(TARGET_NAME)";
				SDKROOT = iphoneos;
				WRAPPER_EXTENSION = app;
			};
			name = Release;
		};
/* End XCBuildConfiguration section */

/* Begin XCConfigurationList section */
		4390B8B31A860E960082B0F1 /* Build configuration list for PBXNativeTarget "CoreTextDemo-Android" */ = {
			isa = XCConfigurationList;
			buildConfigurations = (
				4390B8B41A860E960082B0F1 /* Debug */,
				4390B8B51A860E960082B0F1 /* Release */,
			);
			defaultConfigurationIsVisible = 0;
			defaultConfigurationName = Release;
		};
		439C872C1862E41C0089F3DA /* Build configuration list for PBXNativeTarget "CoreTextDemo-OSX" */ = {
			isa = XCConfigurationList;
			buildConfigurations = (
				439C87251862E41C0089F3DA /* Debug */,
				439C87261862E41C0089F3DA /* Release */,
			);
			defaultConfigurationIsVisible = 0;
			defaultConfigurationName = Release;
		};
		43B163BE1862CD93006B6CE1 /* Build configuration list for PBXProject "CoreTextDemo" */ = {
			isa = XCConfigurationList;
			buildConfigurations = (
				43B163F31862CD93006B6CE1 /* Debug */,
				43B163F41862CD93006B6CE1 /* Release */,
			);
			defaultConfigurationIsVisible = 0;
			defaultConfigurationName = Release;
		};
		43B163F51862CD93006B6CE1 /* Build configuration list for PBXNativeTarget "CoreTextDemo" */ = {
			isa = XCConfigurationList;
			buildConfigurations = (
				43B163F61862CD93006B6CE1 /* Debug */,
				43B163F71862CD93006B6CE1 /* Release */,
			);
			defaultConfigurationIsVisible = 0;
			defaultConfigurationName = Release;
		};
/* End XCConfigurationList section */
	};
	rootObject = 43B163BB1862CD93006B6CE1 /* Project object */;
}
